
Microsoft Visual Studio Solution File, Format Version 12.00
# Visual Studio Version 17
VisualStudioVersion = 17.8.34330.188
MinimumVisualStudioVersion = 10.0.40219.1
Project("{FAE04EC0-301F-11D3-BF4B-00C04F79EFBC}") = "WebApplicationDemo1", "WebApplicationDemo1\WebApplicationDemo1.csproj", "{8E6A78EC-A283-43E9-8720-227A7B343118}"
EndProject
Global
	GlobalSection(SolutionConfigurationPlatforms) = preSolution
		Debug|Any CPU = Debug|Any CPU
		Release|Any CPU = Release|Any CPU
	EndGlobalSection
	GlobalSection(ProjectConfigurationPlatforms) = postSolution
		{8E6A78EC-A283-43E9-8720-227A7B343118}.Debug|Any CPU.ActiveCfg = Debug|Any CPU
		{8E6A78EC-A283-43E9-8720-227A7B343118}.Debug|Any CPU.Build.0 = Debug|Any CPU
		{8E6A78EC-A283-43E9-8720-227A7B343118}.Release|Any CPU.ActiveCfg = Release|Any CPU
		{8E6A78EC-A283-43E9-8720-227A7B343118}.Release|Any CPU.Build.0 = Release|Any CPU
	EndGlobalSection
	GlobalSection(SolutionProperties) = preSolution
		HideSolutionNode = FALSE
	EndGlobalSection
	GlobalSection(ExtensibilityGlobals) = postSolution
		SolutionGuid = {6C8CBA93-AFA9-4888-A539-0D7B408C0F9E}
	EndGlobalSection
EndGlobal
